
Microsoft Visual Studio Solution File, Format Version 12.00
# Visual Studio Version 16
VisualStudioVersion = 16.0.30225.117
MinimumVisualStudioVersion = 10.0.40219.1
Project("{FAE04EC0-301F-11D3-BF4B-00C04F79EFBC}") = "Maze_Game", "Maze_Game\Maze_Game.csproj", "{685EA211-2848-4CA4-BD93-F579F0D6D5E7}"
EndProject
Global
	GlobalSection(SolutionConfigurationPlatforms) = preSolution
		Debug|Any CPU = Debug|Any CPU
		Release|Any CPU = Release|Any CPU
	EndGlobalSection
	GlobalSection(ProjectConfigurationPlatforms) = postSolution
		{685EA211-2848-4CA4-BD93-F579F0D6D5E7}.Debug|Any CPU.ActiveCfg = Debug|Any CPU
		{685EA211-2848-4CA4-BD93-F579F0D6D5E7}.Debug|Any CPU.Build.0 = Debug|Any CPU
		{685EA211-2848-4CA4-BD93-F579F0D6D5E7}.Release|Any CPU.ActiveCfg = Release|Any CPU
		{685EA211-2848-4CA4-BD93-F579F0D6D5E7}.Release|Any CPU.Build.0 = Release|Any CPU
	EndGlobalSection
	GlobalSection(SolutionProperties) = preSolution
		HideSolutionNode = FALSE
	EndGlobalSection
	GlobalSection(ExtensibilityGlobals) = postSolution
		SolutionGuid = {8D25889F-3C65-4BFD-BD4B-5D6E06CDDC51}
	EndGlobalSection
EndGlobal
